// !$*UTF8*$!
{
	archiveVersion = 1;
	classes = {
	};
	objectVersion = 55;
	objects = {

/* Begin PBXBuildFile section */
		1FB73D78278AF62B0025D071 /* AppDelegate.swift in Sources */ = {isa = PBXBuildFile; fileRef = 1FB73D77278AF62B0025D071 /* AppDelegate.swift */; };
		1FB73D7A278AF62B0025D071 /* SceneDelegate.swift in Sources */ = {isa = PBXBuildFile; fileRef = 1FB73D79278AF62B0025D071 /* SceneDelegate.swift */; };
		1FB73D81278AF62C0025D071 /* Assets.xcassets in Resources */ = {isa = PBXBuildFile; fileRef = 1FB73D80278AF62C0025D071 /* Assets.xcassets */; };
		1FB73D8C278AF7DA0025D071 /* main.swift in Sources */ = {isa = PBXBuildFile; fileRef = 1FB73D8B278AF7DA0025D071 /* main.swift */; };
		1FB73D8E278AF8980025D071 /* MainTableViewController.swift in Sources */ = {isa = PBXBuildFile; fileRef = 1FB73D8D278AF8980025D071 /* MainTableViewController.swift */; };
		1FB73D90278AF8D60025D071 /* MainTableView.swift in Sources */ = {isa = PBXBuildFile; fileRef = 1FB73D8F278AF8D60025D071 /* MainTableView.swift */; };
		1FB73D93278AF9630025D071 /* ChatCollectionViewController.swift in Sources */ = {isa = PBXBuildFile; fileRef = 1FB73D92278AF9630025D071 /* ChatCollectionViewController.swift */; };
		1FB73D95278AF9A80025D071 /* ChatCollectionView.swift in Sources */ = {isa = PBXBuildFile; fileRef = 1FB73D94278AF9A80025D071 /* ChatCollectionView.swift */; };
		1FB73D99278AFA440025D071 /* Drops in Frameworks */ = {isa = PBXBuildFile; productRef = 1FB73D98278AFA440025D071 /* Drops */; };
		1FB73DA1278AFBF80025D071 /* LocalPeer in Frameworks */ = {isa = PBXBuildFile; productRef = 1FB73DA0278AFBF80025D071 /* LocalPeer */; };
		1FB73DA3278AFBF80025D071 /* Resolvers in Frameworks */ = {isa = PBXBuildFile; productRef = 1FB73DA2278AFBF80025D071 /* Resolvers */; };
/* End PBXBuildFile section */

/* Begin PBXFileReference section */
		1FB73D74278AF62B0025D071 /* peer2peerChat.app */ = {isa = PBXFileReference; explicitFileType = wrapper.application; includeInIndex = 0; path = peer2peerChat.app; sourceTree = BUILT_PRODUCTS_DIR; };
		1FB73D77278AF62B0025D071 /* AppDelegate.swift */ = {isa = PBXFileReference; lastKnownFileType = sourcecode.swift; path = AppDelegate.swift; sourceTree = "<group>"; };
		1FB73D79278AF62B0025D071 /* SceneDelegate.swift */ = {isa = PBXFileReference; lastKnownFileType = sourcecode.swift; path = SceneDelegate.swift; sourceTree = "<group>"; };
		1FB73D80278AF62C0025D071 /* Assets.xcassets */ = {isa = PBXFileReference; lastKnownFileType = folder.assetcatalog; path = Assets.xcassets; sourceTree = "<group>"; };
		1FB73D85278AF62C0025D071 /* Info.plist */ = {isa = PBXFileReference; lastKnownFileType = text.plist.xml; path = Info.plist; sourceTree = "<group>"; };
		1FB73D8B278AF7DA0025D071 /* main.swift */ = {isa = PBXFileReference; lastKnownFileType = sourcecode.swift; path = main.swift; sourceTree = "<group>"; };
		1FB73D8D278AF8980025D071 /* MainTableViewController.swift */ = {isa = PBXFileReference; lastKnownFileType = sourcecode.swift; path = MainTableViewController.swift; sourceTree = "<group>"; };
		1FB73D8F278AF8D60025D071 /* MainTableView.swift */ = {isa = PBXFileReference; lastKnownFileType = sourcecode.swift; path = MainTableView.swift; sourceTree = "<group>"; };
		1FB73D92278AF9630025D071 /* ChatCollectionViewController.swift */ = {isa = PBXFileReference; lastKnownFileType = sourcecode.swift; path = ChatCollectionViewController.swift; sourceTree = "<group>"; };
		1FB73D94278AF9A80025D071 /* ChatCollectionView.swift */ = {isa = PBXFileReference; lastKnownFileType = sourcecode.swift; path = ChatCollectionView.swift; sourceTree = "<group>"; };
/* End PBXFileReference section */

/* Begin PBXFrameworksBuildPhase section */
		1FB73D71278AF62B0025D071 /* Frameworks */ = {
			isa = PBXFrameworksBuildPhase;
			buildActionMask = 2147483647;
			files = (
				1FB73DA1278AFBF80025D071 /* LocalPeer in Frameworks */,
				1FB73D99278AFA440025D071 /* Drops in Frameworks */,
				1FB73DA3278AFBF80025D071 /* Resolvers in Frameworks */,
			);
			runOnlyForDeploymentPostprocessing = 0;
		};
/* End PBXFrameworksBuildPhase section */

/* Begin PBXGroup section */
		1FB73D6B278AF62B0025D071 = {
			isa = PBXGroup;
			children = (
				1FB73D76278AF62B0025D071 /* peer2peerChat */,
				1FB73D75278AF62B0025D071 /* Products */,
				1FB73D9F278AFBF80025D071 /* Frameworks */,
			);
			sourceTree = "<group>";
		};
		1FB73D75278AF62B0025D071 /* Products */ = {
			isa = PBXGroup;
			children = (
				1FB73D74278AF62B0025D071 /* peer2peerChat.app */,
			);
			name = Products;
			sourceTree = "<group>";
		};
		1FB73D76278AF62B0025D071 /* peer2peerChat */ = {
			isa = PBXGroup;
			children = (
				1FB73D77278AF62B0025D071 /* AppDelegate.swift */,
				1FB73D79278AF62B0025D071 /* SceneDelegate.swift */,
				1FB73D80278AF62C0025D071 /* Assets.xcassets */,
				1FB73D85278AF62C0025D071 /* Info.plist */,
				1FB73D8B278AF7DA0025D071 /* main.swift */,
				1FB73D91278AF90A0025D071 /* MainTableComponent */,
				1FB73D96278AF9D80025D071 /* ChatCollectionComponent */,
			);
			path = peer2peerChat;
			sourceTree = "<group>";
		};
		1FB73D91278AF90A0025D071 /* MainTableComponent */ = {
			isa = PBXGroup;
			children = (
				1FB73D8D278AF8980025D071 /* MainTableViewController.swift */,
				1FB73D8F278AF8D60025D071 /* MainTableView.swift */,
			);
			path = MainTableComponent;
			sourceTree = "<group>";
		};
		1FB73D96278AF9D80025D071 /* ChatCollectionComponent */ = {
			isa = PBXGroup;
			children = (
				1FB73D92278AF9630025D071 /* ChatCollectionViewController.swift */,
				1FB73D94278AF9A80025D071 /* ChatCollectionView.swift */,
			);
			path = ChatCollectionComponent;
			sourceTree = "<group>";
		};
		1FB73D9F278AFBF80025D071 /* Frameworks */ = {
			isa = PBXGroup;
			children = (
			);
			name = Frameworks;
			sourceTree = "<group>";
		};
/* End PBXGroup section */

/* Begin PBXNativeTarget section */
		1FB73D73278AF62B0025D071 /* peer2peerChat */ = {
			isa = PBXNativeTarget;
			buildConfigurationList = 1FB73D88278AF62C0025D071 /* Build configuration list for PBXNativeTarget "peer2peerChat" */;
			buildPhases = (
				1FB73D70278AF62B0025D071 /* Sources */,
				1FB73D71278AF62B0025D071 /* Frameworks */,
				1FB73D72278AF62B0025D071 /* Resources */,
			);
			buildRules = (
			);
			dependencies = (
			);
			name = peer2peerChat;
			packageProductDependencies = (
				1FB73D98278AFA440025D071 /* Drops */,
				1FB73DA0278AFBF80025D071 /* LocalPeer */,
				1FB73DA2278AFBF80025D071 /* Resolvers */,
			);
			productName = peer2peerChat;
			productReference = 1FB73D74278AF62B0025D071 /* peer2peerChat.app */;
			productType = "com.apple.product-type.application";
		};
/* End PBXNativeTarget section */

/* Begin PBXProject section */
		1FB73D6C278AF62B0025D071 /* Project object */ = {
			isa = PBXProject;
			attributes = {
				BuildIndependentTargetsInParallel = 1;
				LastSwiftUpdateCheck = 1320;
				LastUpgradeCheck = 1320;
				TargetAttributes = {
					1FB73D73278AF62B0025D071 = {
						CreatedOnToolsVersion = 13.2.1;
					};
				};
			};
			buildConfigurationList = 1FB73D6F278AF62B0025D071 /* Build configuration list for PBXProject "peer2peerChat" */;
			compatibilityVersion = "Xcode 13.0";
			developmentRegion = en;
			hasScannedForEncodings = 0;
			knownRegions = (
				en,
				Base,
			);
			mainGroup = 1FB73D6B278AF62B0025D071;
			packageReferences = (
				1FB73D97278AFA440025D071 /* XCRemoteSwiftPackageReference "Drops" */,
			);
			productRefGroup = 1FB73D75278AF62B0025D071 /* Products */;
			projectDirPath = "";
			projectRoot = "";
			targets = (
				1FB73D73278AF62B0025D071 /* peer2peerChat */,
			);
		};
/* End PBXProject section */

/* Begin PBXResourcesBuildPhase section */
		1FB73D72278AF62B0025D071 /* Resources */ = {
			isa = PBXResourcesBuildPhase;
			buildActionMask = 2147483647;
			files = (
				1FB73D81278AF62C0025D071 /* Assets.xcassets in Resources */,
			);
			runOnlyForDeploymentPostprocessing = 0;
		};
/* End PBXResourcesBuildPhase section */

/* Begin PBXSourcesBuildPhase section */
		1FB73D70278AF62B0025D071 /* Sources */ = {
			isa = PBXSourcesBuildPhase;
			buildActionMask = 2147483647;
			files = (
				1FB73D93278AF9630025D071 /* ChatCollectionViewController.swift in Sources */,
				1FB73D8E278AF8980025D071 /* MainTableViewController.swift in Sources */,
				1FB73D78278AF62B0025D071 /* AppDelegate.swift in Sources */,
				1FB73D90278AF8D60025D071 /* MainTableView.swift in Sources */,
				1FB73D8C278AF7DA0025D071 /* main.swift in Sources */,
				1FB73D95278AF9A80025D071 /* ChatCollectionView.swift in Sources */,
				1FB73D7A278AF62B0025D071 /* SceneDelegate.swift in Sources */,
			);
			runOnlyForDeploymentPostprocessing = 0;
		};
/* End PBXSourcesBuildPhase section */

/* Begin XCBuildConfiguration section */
		1FB73D86278AF62C0025D071 /* Debug */ = {
			isa = XCBuildConfiguration;
			buildSettings = {
				ALWAYS_SEARCH_USER_PATHS = NO;
				CLANG_ANALYZER_NONNULL = YES;
				CLANG_ANALYZER_NUMBER_OBJECT_CONVERSION = YES_AGGRESSIVE;
				CLANG_CXX_LANGUAGE_STANDARD = "gnu++17";
				CLANG_CXX_LIBRARY = "libc++";
				CLANG_ENABLE_MODULES = YES;
				CLANG_ENABLE_OBJC_ARC = YES;
				CLANG_ENABLE_OBJC_WEAK = YES;
				CLANG_WARN_BLOCK_CAPTURE_AUTORELEASING = YES;
				CLANG_WARN_BOOL_CONVERSION = YES;
				CLANG_WARN_COMMA = YES;
				CLANG_WARN_CONSTANT_CONVERSION = YES;
				CLANG_WARN_DEPRECATED_OBJC_IMPLEMENTATIONS = YES;
				CLANG_WARN_DIRECT_OBJC_ISA_USAGE = YES_ERROR;
				CLANG_WARN_DOCUMENTATION_COMMENTS = YES;
				CLANG_WARN_EMPTY_BODY = YES;
				CLANG_WARN_ENUM_CONVERSION = YES;
				CLANG_WARN_INFINITE_RECURSION = YES;
				CLANG_WARN_INT_CONVERSION = YES;
				CLANG_WARN_NON_LITERAL_NULL_CONVERSION = YES;
				CLANG_WARN_OBJC_IMPLICIT_RETAIN_SELF = YES;
				CLANG_WARN_OBJC_LITERAL_CONVERSION = YES;
				CLANG_WARN_OBJC_ROOT_CLASS = YES_ERROR;
				CLANG_WARN_QUOTED_INCLUDE_IN_FRAMEWORK_HEADER = YES;
				CLANG_WARN_RANGE_LOOP_ANALYSIS = YES;
				CLANG_WARN_STRICT_PROTOTYPES = YES;
				CLANG_WARN_SUSPICIOUS_MOVE = YES;
				CLANG_WARN_UNGUARDED_AVAILABILITY = YES_AGGRESSIVE;
				CLANG_WARN_UNREACHABLE_CODE = YES;
				CLANG_WARN__DUPLICATE_METHOD_MATCH = YES;
				COPY_PHASE_STRIP = NO;
				DEBUG_INFORMATION_FORMAT = dwarf;
				ENABLE_STRICT_OBJC_MSGSEND = YES;
				ENABLE_TESTABILITY = YES;
				GCC_C_LANGUAGE_STANDARD = gnu11;
				GCC_DYNAMIC_NO_PIC = NO;
				GCC_NO_COMMON_BLOCKS = YES;
				GCC_OPTIMIZATION_LEVEL = 0;
				GCC_PREPROCESSOR_DEFINITIONS = (
					"DEBUG=1",
					"$(inherited)",
				);
				GCC_WARN_64_TO_32_BIT_CONVERSION = YES;
				GCC_WARN_ABOUT_RETURN_TYPE = YES_ERROR;
				GCC_WARN_UNDECLARED_SELECTOR = YES;
				GCC_WARN_UNINITIALIZED_AUTOS = YES_AGGRESSIVE;
				GCC_WARN_UNUSED_FUNCTION = YES;
				GCC_WARN_UNUSED_VARIABLE = YES;
				IPHONEOS_DEPLOYMENT_TARGET = 15.2;
				MTL_ENABLE_DEBUG_INFO = INCLUDE_SOURCE;
				MTL_FAST_MATH = YES;
				ONLY_ACTIVE_ARCH = YES;
				SDKROOT = iphoneos;
				SWIFT_ACTIVE_COMPILATION_CONDITIONS = DEBUG;
				SWIFT_OPTIMIZATION_LEVEL = "-Onone";
			};
			name = Debug;
		};
		1FB73D87278AF62C0025D071 /* Release */ = {
			isa = XCBuildConfiguration;
			buildSettings = {
				ALWAYS_SEARCH_USER_PATHS = NO;
				CLANG_ANALYZER_NONNULL = YES;
				CLANG_ANALYZER_NUMBER_OBJECT_CONVERSION = YES_AGGRESSIVE;
				CLANG_CXX_LANGUAGE_STANDARD = "gnu++17";
				CLANG_CXX_LIBRARY = "libc++";
				CLANG_ENABLE_MODULES = YES;
				CLANG_ENABLE_OBJC_ARC = YES;
				CLANG_ENABLE_OBJC_WEAK = YES;
				CLANG_WARN_BLOCK_CAPTURE_AUTORELEASING = YES;
				CLANG_WARN_BOOL_CONVERSION = YES;
				CLANG_WARN_COMMA = YES;
				CLANG_WARN_CONSTANT_CONVERSION = YES;
				CLANG_WARN_DEPRECATED_OBJC_IMPLEMENTATIONS = YES;
				CLANG_WARN_DIRECT_OBJC_ISA_USAGE = YES_ERROR;
				CLANG_WARN_DOCUMENTATION_COMMENTS = YES;
				CLANG_WARN_EMPTY_BODY = YES;
				CLANG_WARN_ENUM_CONVERSION = YES;
				CLANG_WARN_INFINITE_RECURSION = YES;
				CLANG_WARN_INT_CONVERSION = YES;
				CLANG_WARN_NON_LITERAL_NULL_CONVERSION = YES;
				CLANG_WARN_OBJC_IMPLICIT_RETAIN_SELF = YES;
				CLANG_WARN_OBJC_LITERAL_CONVERSION = YES;
				CLANG_WARN_OBJC_ROOT_CLASS = YES_ERROR;
				CLANG_WARN_QUOTED_INCLUDE_IN_FRAMEWORK_HEADER = YES;
				CLANG_WARN_RANGE_LOOP_ANALYSIS = YES;
				CLANG_WARN_STRICT_PROTOTYPES = YES;
				CLANG_WARN_SUSPICIOUS_MOVE = YES;
				CLANG_WARN_UNGUARDED_AVAILABILITY = YES_AGGRESSIVE;
				CLANG_WARN_UNREACHABLE_CODE = YES;
				CLANG_WARN__DUPLICATE_METHOD_MATCH = YES;
				COPY_PHASE_STRIP = NO;
				DEBUG_INFORMATION_FORMAT = "dwarf-with-dsym";
				ENABLE_NS_ASSERTIONS = NO;
				ENABLE_STRICT_OBJC_MSGSEND = YES;
				GCC_C_LANGUAGE_STANDARD = gnu11;
				GCC_NO_COMMON_BLOCKS = YES;
				GCC_WARN_64_TO_32_BIT_CONVERSION = YES;
				GCC_WARN_ABOUT_RETURN_TYPE = YES_ERROR;
				GCC_WARN_UNDECLARED_SELECTOR = YES;
				GCC_WARN_UNINITIALIZED_AUTOS = YES_AGGRESSIVE;
				GCC_WARN_UNUSED_FUNCTION = YES;
				GCC_WARN_UNUSED_VARIABLE = YES;
				IPHONEOS_DEPLOYMENT_TARGET = 15.2;
				MTL_ENABLE_DEBUG_INFO = NO;
				MTL_FAST_MATH = YES;
				SDKROOT = iphoneos;
				SWIFT_COMPILATION_MODE = wholemodule;
				SWIFT_OPTIMIZATION_LEVEL = "-O";
				VALIDATE_PRODUCT = YES;
			};
			name = Release;
		};
		1FB73D89278AF62C0025D071 /* Debug */ = {
			isa = XCBuildConfiguration;
			buildSettings = {
				ASSETCATALOG_COMPILER_APPICON_NAME = AppIcon;
				ASSETCATALOG_COMPILER_GLOBAL_ACCENT_COLOR_NAME = AccentColor;
				CODE_SIGN_STYLE = Automatic;
				CURRENT_PROJECT_VERSION = 1;
				DEVELOPMENT_TEAM = ST888Q8JD9;
				GENERATE_INFOPLIST_FILE = YES;
				INFOPLIST_FILE = peer2peerChat/Info.plist;
				INFOPLIST_KEY_NSLocalNetworkUsageDescription = "peer2peerChat uses the local network to connect with others around you.";
				INFOPLIST_KEY_UIApplicationSupportsIndirectInputEvents = YES;
				INFOPLIST_KEY_UISupportedInterfaceOrientations = UIInterfaceOrientationPortrait;
				INFOPLIST_KEY_UISupportedInterfaceOrientations_iPad = "UIInterfaceOrientationPortrait UIInterfaceOrientationPortraitUpsideDown UIInterfaceOrientationLandscapeLeft UIInterfaceOrientationLandscapeRight";
				INFOPLIST_KEY_UISupportedInterfaceOrientations_iPhone = "UIInterfaceOrientationPortrait UIInterfaceOrientationLandscapeLeft UIInterfaceOrientationLandscapeRight";
				IPHONEOS_DEPLOYMENT_TARGET = 14.0;
				LD_RUNPATH_SEARCH_PATHS = (
					"$(inherited)",
					"@executable_path/Frameworks",
				);
				MARKETING_VERSION = 1.0;
				PRODUCT_BUNDLE_IDENTIFIER = com.chowis.peer2peerChat;
				PRODUCT_NAME = "$(TARGET_NAME)";
				SWIFT_EMIT_LOC_STRINGS = YES;
				SWIFT_VERSION = 5.0;
				TARGETED_DEVICE_FAMILY = 1;
			};
			name = Debug;
		};
		1FB73D8A278AF62C0025D071 /* Release */ = {
			isa = XCBuildConfiguration;
			buildSettings = {
				ASSETCATALOG_COMPILER_APPICON_NAME = AppIcon;
				ASSETCATALOG_COMPILER_GLOBAL_ACCENT_COLOR_NAME = AccentColor;
				CODE_SIGN_STYLE = Automatic;
				CURRENT_PROJECT_VERSION = 1;
				DEVELOPMENT_TEAM = ST888Q8JD9;
				GENERATE_INFOPLIST_FILE = YES;
				INFOPLIST_FILE = peer2peerChat/Info.plist;
				INFOPLIST_KEY_NSLocalNetworkUsageDescription = "peer2peerChat uses the local network to connect with others around you.";
				INFOPLIST_KEY_UIApplicationSupportsIndirectInputEvents = YES;
				INFOPLIST_KEY_UISupportedInterfaceOrientations = UIInterfaceOrientationPortrait;
				INFOPLIST_KEY_UISupportedInterfaceOrientations_iPad = "UIInterfaceOrientationPortrait UIInterfaceOrientationPortraitUpsideDown UIInterfaceOrientationLandscapeLeft UIInterfaceOrientationLandscapeRight";
				INFOPLIST_KEY_UISupportedInterfaceOrientations_iPhone = "UIInterfaceOrientationPortrait UIInterfaceOrientationLandscapeLeft UIInterfaceOrientationLandscapeRight";
				IPHONEOS_DEPLOYMENT_TARGET = 14.0;
				LD_RUNPATH_SEARCH_PATHS = (
					"$(inherited)",
					"@executable_path/Frameworks",
				);
				MARKETING_VERSION = 1.0;
				PRODUCT_BUNDLE_IDENTIFIER = com.chowis.peer2peerChat;
				PRODUCT_NAME = "$(TARGET_NAME)";
				SWIFT_EMIT_LOC_STRINGS = YES;
				SWIFT_VERSION = 5.0;
				TARGETED_DEVICE_FAMILY = 1;
			};
			name = Release;
		};
/* End XCBuildConfiguration section */

/* Begin XCConfigurationList section */
		1FB73D6F278AF62B0025D071 /* Build configuration list for PBXProject "peer2peerChat" */ = {
			isa = XCConfigurationList;
			buildConfigurations = (
				1FB73D86278AF62C0025D071 /* Debug */,
				1FB73D87278AF62C0025D071 /* Release */,
			);
			defaultConfigurationIsVisible = 0;
			defaultConfigurationName = Release;
		};
		1FB73D88278AF62C0025D071 /* Build configuration list for PBXNativeTarget "peer2peerChat" */ = {
			isa = XCConfigurationList;
			buildConfigurations = (
				1FB73D89278AF62C0025D071 /* Debug */,
				1FB73D8A278AF62C0025D071 /* Release */,
			);
			defaultConfigurationIsVisible = 0;
			defaultConfigurationName = Release;
		};
/* End XCConfigurationList section */

/* Begin XCRemoteSwiftPackageReference section */
		1FB73D97278AFA440025D071 /* XCRemoteSwiftPackageReference "Drops" */ = {
			isa = XCRemoteSwiftPackageReference;
			repositoryURL = "https://github.com/omaralbeik/Drops.git";
			requirement = {
				branch = main;
				kind = branch;
			};
		};
/* End XCRemoteSwiftPackageReference section */

/* Begin XCSwiftPackageProductDependency section */
		1FB73D98278AFA440025D071 /* Drops */ = {
			isa = XCSwiftPackageProductDependency;
			package = 1FB73D97278AFA440025D071 /* XCRemoteSwiftPackageReference "Drops" */;
			productName = Drops;
		};
		1FB73DA0278AFBF80025D071 /* LocalPeer */ = {
			isa = XCSwiftPackageProductDependency;
			productName = LocalPeer;
		};
		1FB73DA2278AFBF80025D071 /* Resolvers */ = {
			isa = XCSwiftPackageProductDependency;
			productName = Resolvers;
		};
/* End XCSwiftPackageProductDependency section */
	};
	rootObject = 1FB73D6C278AF62B0025D071 /* Project object */;
}
